// !$*UTF8*$!
{
	archiveVersion = 1;
	classes = {
	};
	objectVersion = 55;
	objects = {

/* Begin PBXBuildFile section */
		9BD56F6527A8A29E009CA366 /* TradeMe_LatestApp.swift in Sources */ = {isa = PBXBuildFile; fileRef = 9BD56F6427A8A29E009CA366 /* TradeMe_LatestApp.swift */; };
		9BD56F6727A8A29E009CA366 /* ListingsView.swift in Sources */ = {isa = PBXBuildFile; fileRef = 9BD56F6627A8A29E009CA366 /* ListingsView.swift */; };
		9BD56F6927A8A2A3009CA366 /* Assets.xcassets in Resources */ = {isa = PBXBuildFile; fileRef = 9BD56F6827A8A2A3009CA366 /* Assets.xcassets */; };
		9BD56F6C27A8A2A3009CA366 /* Preview Assets.xcassets in Resources */ = {isa = PBXBuildFile; fileRef = 9BD56F6B27A8A2A3009CA366 /* Preview Assets.xcassets */; };
		9BD56F7627A8A2A4009CA366 /* OAuthHelperTests.swift in Sources */ = {isa = PBXBuildFile; fileRef = 9BD56F7527A8A2A4009CA366 /* OAuthHelperTests.swift */; };
		9BD56F8027A8A2A4009CA366 /* TradeMe_LatestUITests.swift in Sources */ = {isa = PBXBuildFile; fileRef = 9BD56F7F27A8A2A4009CA366 /* TradeMe_LatestUITests.swift */; };
		9BD56F8227A8A2A4009CA366 /* TradeMe_LatestUITestsLaunchTests.swift in Sources */ = {isa = PBXBuildFile; fileRef = 9BD56F8127A8A2A4009CA366 /* TradeMe_LatestUITestsLaunchTests.swift */; };
		9BD56F9727A8A3BF009CA366 /* OAuthHelper.swift in Sources */ = {isa = PBXBuildFile; fileRef = 9BD56F9427A8A3BF009CA366 /* OAuthHelper.swift */; };
		9BD56F9827A8A3BF009CA366 /* OAuthHelper.swift in Sources */ = {isa = PBXBuildFile; fileRef = 9BD56F9427A8A3BF009CA366 /* OAuthHelper.swift */; };
		9BD56F9927A8A3BF009CA366 /* ApiInterface.swift in Sources */ = {isa = PBXBuildFile; fileRef = 9BD56F9527A8A3BF009CA366 /* ApiInterface.swift */; };
		9BD56F9A27A8A3BF009CA366 /* ApiInterface.swift in Sources */ = {isa = PBXBuildFile; fileRef = 9BD56F9527A8A3BF009CA366 /* ApiInterface.swift */; };
		9BD56F9B27A8A3BF009CA366 /* ApiManager.swift in Sources */ = {isa = PBXBuildFile; fileRef = 9BD56F9627A8A3BF009CA366 /* ApiManager.swift */; };
		9BD56F9C27A8A3BF009CA366 /* ApiManager.swift in Sources */ = {isa = PBXBuildFile; fileRef = 9BD56F9627A8A3BF009CA366 /* ApiManager.swift */; };
		9BD56F9E27A8A3D8009CA366 /* Credentials.swift in Sources */ = {isa = PBXBuildFile; fileRef = 9BD56F9D27A8A3D8009CA366 /* Credentials.swift */; };
		9BD56F9F27A8A3D8009CA366 /* Credentials.swift in Sources */ = {isa = PBXBuildFile; fileRef = 9BD56F9D27A8A3D8009CA366 /* Credentials.swift */; };
		9BD56FA127A8A418009CA366 /* BaseViewModel.swift in Sources */ = {isa = PBXBuildFile; fileRef = 9BD56FA027A8A418009CA366 /* BaseViewModel.swift */; };
		9BD56FA227A8A419009CA366 /* BaseViewModel.swift in Sources */ = {isa = PBXBuildFile; fileRef = 9BD56FA027A8A418009CA366 /* BaseViewModel.swift */; };
		9BD56FAC27A8A52E009CA366 /* ListingsViewModel.swift in Sources */ = {isa = PBXBuildFile; fileRef = 9BD56FAB27A8A52E009CA366 /* ListingsViewModel.swift */; };
		9BD56FAE27A8ABFE009CA366 /* Listing.swift in Sources */ = {isa = PBXBuildFile; fileRef = 9BD56FAD27A8ABFE009CA366 /* Listing.swift */; };
		9BD56FAF27A8ABFE009CA366 /* Listing.swift in Sources */ = {isa = PBXBuildFile; fileRef = 9BD56FAD27A8ABFE009CA366 /* Listing.swift */; };
		9BD56FB127A8AE94009CA366 /* LatestListings.swift in Sources */ = {isa = PBXBuildFile; fileRef = 9BD56FB027A8AE94009CA366 /* LatestListings.swift */; };
		9BD56FB227A8AE94009CA366 /* LatestListings.swift in Sources */ = {isa = PBXBuildFile; fileRef = 9BD56FB027A8AE94009CA366 /* LatestListings.swift */; };
		9BD56FB427A8D5D6009CA366 /* ListingRowView.swift in Sources */ = {isa = PBXBuildFile; fileRef = 9BD56FB327A8D5D6009CA366 /* ListingRowView.swift */; };
		9BD56FB727A8EE80009CA366 /* RootView.swift in Sources */ = {isa = PBXBuildFile; fileRef = 9BD56FB627A8EE80009CA366 /* RootView.swift */; };
		9BD56FBB27A900FA009CA366 /* WatchlistView.swift in Sources */ = {isa = PBXBuildFile; fileRef = 9BD56FBA27A900FA009CA366 /* WatchlistView.swift */; };
		9BD56FBD27A9010E009CA366 /* MyTradeMeView.swift in Sources */ = {isa = PBXBuildFile; fileRef = 9BD56FBC27A9010E009CA366 /* MyTradeMeView.swift */; };
		9BD56FC027A9116B009CA366 /* Font+Extention.swift in Sources */ = {isa = PBXBuildFile; fileRef = 9BD56FBF27A9116B009CA366 /* Font+Extention.swift */; };
		9BD56FC227A91772009CA366 /* Endpoint.swift in Sources */ = {isa = PBXBuildFile; fileRef = 9BD56FC127A91772009CA366 /* Endpoint.swift */; };
		9BD56FC327A91772009CA366 /* Endpoint.swift in Sources */ = {isa = PBXBuildFile; fileRef = 9BD56FC127A91772009CA366 /* Endpoint.swift */; };
		9BD56FC527A93BC0009CA366 /* NavigationButtonsView.swift in Sources */ = {isa = PBXBuildFile; fileRef = 9BD56FC427A93BC0009CA366 /* NavigationButtonsView.swift */; };
		9BD56FC627A93BC0009CA366 /* NavigationButtonsView.swift in Sources */ = {isa = PBXBuildFile; fileRef = 9BD56FC427A93BC0009CA366 /* NavigationButtonsView.swift */; };
		9BD56FC827A94728009CA366 /* Color+Extention.swift in Sources */ = {isa = PBXBuildFile; fileRef = 9BD56FC727A94728009CA366 /* Color+Extention.swift */; };
		9BD56FCC27A9CFBA009CA366 /* EndpointTests.swift in Sources */ = {isa = PBXBuildFile; fileRef = 9BD56FCB27A9CFBA009CA366 /* EndpointTests.swift */; };
		9BD56FCE27A9D0AC009CA366 /* ListingsViewModelTests.swift in Sources */ = {isa = PBXBuildFile; fileRef = 9BD56FCD27A9D0AC009CA366 /* ListingsViewModelTests.swift */; };
		9BD56FCF27A9D558009CA366 /* ListingsViewModel.swift in Sources */ = {isa = PBXBuildFile; fileRef = 9BD56FAB27A8A52E009CA366 /* ListingsViewModel.swift */; };
/* End PBXBuildFile section */

/* Begin PBXContainerItemProxy section */
		9BD56F7227A8A2A4009CA366 /* PBXContainerItemProxy */ = {
			isa = PBXContainerItemProxy;
			containerPortal = 9BD56F5927A8A29E009CA366 /* Project object */;
			proxyType = 1;
			remoteGlobalIDString = 9BD56F6027A8A29E009CA366;
			remoteInfo = TradeMe_Latest;
		};
		9BD56F7C27A8A2A4009CA366 /* PBXContainerItemProxy */ = {
			isa = PBXContainerItemProxy;
			containerPortal = 9BD56F5927A8A29E009CA366 /* Project object */;
			proxyType = 1;
			remoteGlobalIDString = 9BD56F6027A8A29E009CA366;
			remoteInfo = TradeMe_Latest;
		};
/* End PBXContainerItemProxy section */

/* Begin PBXFileReference section */
		9BD56F6127A8A29E009CA366 /* TradeMe_Latest.app */ = {isa = PBXFileReference; explicitFileType = wrapper.application; includeInIndex = 0; path = TradeMe_Latest.app; sourceTree = BUILT_PRODUCTS_DIR; };
		9BD56F6427A8A29E009CA366 /* TradeMe_LatestApp.swift */ = {isa = PBXFileReference; lastKnownFileType = sourcecode.swift; path = TradeMe_LatestApp.swift; sourceTree = "<group>"; };
		9BD56F6627A8A29E009CA366 /* ListingsView.swift */ = {isa = PBXFileReference; lastKnownFileType = sourcecode.swift; path = ListingsView.swift; sourceTree = "<group>"; };
		9BD56F6827A8A2A3009CA366 /* Assets.xcassets */ = {isa = PBXFileReference; lastKnownFileType = folder.assetcatalog; path = Assets.xcassets; sourceTree = "<group>"; };
		9BD56F6B27A8A2A3009CA366 /* Preview Assets.xcassets */ = {isa = PBXFileReference; lastKnownFileType = folder.assetcatalog; path = "Preview Assets.xcassets"; sourceTree = "<group>"; };
		9BD56F7127A8A2A4009CA366 /* TradeMe_LatestTests.xctest */ = {isa = PBXFileReference; explicitFileType = wrapper.cfbundle; includeInIndex = 0; path = TradeMe_LatestTests.xctest; sourceTree = BUILT_PRODUCTS_DIR; };
		9BD56F7527A8A2A4009CA366 /* OAuthHelperTests.swift */ = {isa = PBXFileReference; lastKnownFileType = sourcecode.swift; path = OAuthHelperTests.swift; sourceTree = "<group>"; };
		9BD56F7B27A8A2A4009CA366 /* TradeMe_LatestUITests.xctest */ = {isa = PBXFileReference; explicitFileType = wrapper.cfbundle; includeInIndex = 0; path = TradeMe_LatestUITests.xctest; sourceTree = BUILT_PRODUCTS_DIR; };
		9BD56F7F27A8A2A4009CA366 /* TradeMe_LatestUITests.swift */ = {isa = PBXFileReference; lastKnownFileType = sourcecode.swift; path = TradeMe_LatestUITests.swift; sourceTree = "<group>"; };
		9BD56F8127A8A2A4009CA366 /* TradeMe_LatestUITestsLaunchTests.swift */ = {isa = PBXFileReference; lastKnownFileType = sourcecode.swift; path = TradeMe_LatestUITestsLaunchTests.swift; sourceTree = "<group>"; };
		9BD56F9427A8A3BF009CA366 /* OAuthHelper.swift */ = {isa = PBXFileReference; fileEncoding = 4; lastKnownFileType = sourcecode.swift; path = OAuthHelper.swift; sourceTree = "<group>"; };
		9BD56F9527A8A3BF009CA366 /* ApiInterface.swift */ = {isa = PBXFileReference; fileEncoding = 4; lastKnownFileType = sourcecode.swift; path = ApiInterface.swift; sourceTree = "<group>"; };
		9BD56F9627A8A3BF009CA366 /* ApiManager.swift */ = {isa = PBXFileReference; fileEncoding = 4; lastKnownFileType = sourcecode.swift; path = ApiManager.swift; sourceTree = "<group>"; };
		9BD56F9D27A8A3D8009CA366 /* Credentials.swift */ = {isa = PBXFileReference; fileEncoding = 4; lastKnownFileType = sourcecode.swift; path = Credentials.swift; sourceTree = "<group>"; };
		9BD56FA027A8A418009CA366 /* BaseViewModel.swift */ = {isa = PBXFileReference; fileEncoding = 4; lastKnownFileType = sourcecode.swift; path = BaseViewModel.swift; sourceTree = "<group>"; };
		9BD56FAB27A8A52E009CA366 /* ListingsViewModel.swift */ = {isa = PBXFileReference; lastKnownFileType = sourcecode.swift; path = ListingsViewModel.swift; sourceTree = "<group>"; };
		9BD56FAD27A8ABFE009CA366 /* Listing.swift */ = {isa = PBXFileReference; fileEncoding = 4; lastKnownFileType = sourcecode.swift; path = Listing.swift; sourceTree = "<group>"; };
		9BD56FB027A8AE94009CA366 /* LatestListings.swift */ = {isa = PBXFileReference; lastKnownFileType = sourcecode.swift; path = LatestListings.swift; sourceTree = "<group>"; };
		9BD56FB327A8D5D6009CA366 /* ListingRowView.swift */ = {isa = PBXFileReference; lastKnownFileType = sourcecode.swift; path = ListingRowView.swift; sourceTree = "<group>"; };
		9BD56FB627A8EE80009CA366 /* RootView.swift */ = {isa = PBXFileReference; lastKnownFileType = sourcecode.swift; path = RootView.swift; sourceTree = "<group>"; };
		9BD56FBA27A900FA009CA366 /* WatchlistView.swift */ = {isa = PBXFileReference; lastKnownFileType = sourcecode.swift; path = WatchlistView.swift; sourceTree = "<group>"; };
		9BD56FBC27A9010E009CA366 /* MyTradeMeView.swift */ = {isa = PBXFileReference; lastKnownFileType = sourcecode.swift; path = MyTradeMeView.swift; sourceTree = "<group>"; };
		9BD56FBF27A9116B009CA366 /* Font+Extention.swift */ = {isa = PBXFileReference; lastKnownFileType = sourcecode.swift; path = "Font+Extention.swift"; sourceTree = "<group>"; };
		9BD56FC127A91772009CA366 /* Endpoint.swift */ = {isa = PBXFileReference; lastKnownFileType = sourcecode.swift; path = Endpoint.swift; sourceTree = "<group>"; };
		9BD56FC427A93BC0009CA366 /* NavigationButtonsView.swift */ = {isa = PBXFileReference; lastKnownFileType = sourcecode.swift; path = NavigationButtonsView.swift; sourceTree = "<group>"; };
		9BD56FC727A94728009CA366 /* Color+Extention.swift */ = {isa = PBXFileReference; lastKnownFileType = sourcecode.swift; path = "Color+Extention.swift"; sourceTree = "<group>"; };
		9BD56FCB27A9CFBA009CA366 /* EndpointTests.swift */ = {isa = PBXFileReference; lastKnownFileType = sourcecode.swift; path = EndpointTests.swift; sourceTree = "<group>"; };
		9BD56FCD27A9D0AC009CA366 /* ListingsViewModelTests.swift */ = {isa = PBXFileReference; lastKnownFileType = sourcecode.swift; path = ListingsViewModelTests.swift; sourceTree = "<group>"; };
/* End PBXFileReference section */

/* Begin PBXFrameworksBuildPhase section */
		9BD56F5E27A8A29E009CA366 /* Frameworks */ = {
			isa = PBXFrameworksBuildPhase;
			buildActionMask = 2147483647;
			files = (
			);
			runOnlyForDeploymentPostprocessing = 0;
		};
		9BD56F6E27A8A2A4009CA366 /* Frameworks */ = {
			isa = PBXFrameworksBuildPhase;
			buildActionMask = 2147483647;
			files = (
			);
			runOnlyForDeploymentPostprocessing = 0;
		};
		9BD56F7827A8A2A4009CA366 /* Frameworks */ = {
			isa = PBXFrameworksBuildPhase;
			buildActionMask = 2147483647;
			files = (
			);
			runOnlyForDeploymentPostprocessing = 0;
		};
/* End PBXFrameworksBuildPhase section */

/* Begin PBXGroup section */
		9BD56F5827A8A29E009CA366 = {
			isa = PBXGroup;
			children = (
				9BD56F6327A8A29E009CA366 /* TradeMe_Latest */,
				9BD56F7427A8A2A4009CA366 /* TradeMe_LatestTests */,
				9BD56F7E27A8A2A4009CA366 /* TradeMe_LatestUITests */,
				9BD56F6227A8A29E009CA366 /* Products */,
			);
			sourceTree = "<group>";
		};
		9BD56F6227A8A29E009CA366 /* Products */ = {
			isa = PBXGroup;
			children = (
				9BD56F6127A8A29E009CA366 /* TradeMe_Latest.app */,
				9BD56F7127A8A2A4009CA366 /* TradeMe_LatestTests.xctest */,
				9BD56F7B27A8A2A4009CA366 /* TradeMe_LatestUITests.xctest */,
			);
			name = Products;
			sourceTree = "<group>";
		};
		9BD56F6327A8A29E009CA366 /* TradeMe_Latest */ = {
			isa = PBXGroup;
			children = (
				9BD56F6427A8A29E009CA366 /* TradeMe_LatestApp.swift */,
				9BD56F8E27A8A2E0009CA366 /* Views */,
				9BD56F8F27A8A2F5009CA366 /* ViewModels */,
				9BD56F9327A8A330009CA366 /* Routers */,
				9BD56F9027A8A301009CA366 /* Managers */,
				9BD56F9227A8A324009CA366 /* Models */,
				9BD56F9127A8A311009CA366 /* Data */,
				9BD56FBE27A91123009CA366 /* Constants */,
				9BD56F6827A8A2A3009CA366 /* Assets.xcassets */,
				9BD56F6A27A8A2A3009CA366 /* Preview Content */,
			);
			path = TradeMe_Latest;
			sourceTree = "<group>";
		};
		9BD56F6A27A8A2A3009CA366 /* Preview Content */ = {
			isa = PBXGroup;
			children = (
				9BD56F6B27A8A2A3009CA366 /* Preview Assets.xcassets */,
			);
			path = "Preview Content";
			sourceTree = "<group>";
		};
		9BD56F7427A8A2A4009CA366 /* TradeMe_LatestTests */ = {
			isa = PBXGroup;
			children = (
				9BD56F7527A8A2A4009CA366 /* OAuthHelperTests.swift */,
				9BD56FCB27A9CFBA009CA366 /* EndpointTests.swift */,
				9BD56FCD27A9D0AC009CA366 /* ListingsViewModelTests.swift */,
			);
			path = TradeMe_LatestTests;
			sourceTree = "<group>";
		};
		9BD56F7E27A8A2A4009CA366 /* TradeMe_LatestUITests */ = {
			isa = PBXGroup;
			children = (
				9BD56F7F27A8A2A4009CA366 /* TradeMe_LatestUITests.swift */,
				9BD56F8127A8A2A4009CA366 /* TradeMe_LatestUITestsLaunchTests.swift */,
			);
			path = TradeMe_LatestUITests;
			sourceTree = "<group>";
		};
		9BD56F8E27A8A2E0009CA366 /* Views */ = {
			isa = PBXGroup;
			children = (
				9BD56FB627A8EE80009CA366 /* RootView.swift */,
				9BD56F6627A8A29E009CA366 /* ListingsView.swift */,
				9BD56FB327A8D5D6009CA366 /* ListingRowView.swift */,
				9BD56FBA27A900FA009CA366 /* WatchlistView.swift */,
				9BD56FBC27A9010E009CA366 /* MyTradeMeView.swift */,
				9BD56FC427A93BC0009CA366 /* NavigationButtonsView.swift */,
			);
			path = Views;
			sourceTree = "<group>";
		};
		9BD56F8F27A8A2F5009CA366 /* ViewModels */ = {
			isa = PBXGroup;
			children = (
				9BD56FA027A8A418009CA366 /* BaseViewModel.swift */,
				9BD56FAB27A8A52E009CA366 /* ListingsViewModel.swift */,
			);
			path = ViewModels;
			sourceTree = "<group>";
		};
		9BD56F9027A8A301009CA366 /* Managers */ = {
			isa = PBXGroup;
			children = (
				9BD56F9527A8A3BF009CA366 /* ApiInterface.swift */,
				9BD56F9627A8A3BF009CA366 /* ApiManager.swift */,
				9BD56F9427A8A3BF009CA366 /* OAuthHelper.swift */,
			);
			path = Managers;
			sourceTree = "<group>";
		};
		9BD56F9127A8A311009CA366 /* Data */ = {
			isa = PBXGroup;
			children = (
				9BD56F9D27A8A3D8009CA366 /* Credentials.swift */,
				9BD56FC127A91772009CA366 /* Endpoint.swift */,
			);
			path = Data;
			sourceTree = "<group>";
		};
		9BD56F9227A8A324009CA366 /* Models */ = {
			isa = PBXGroup;
			children = (
				9BD56FB027A8AE94009CA366 /* LatestListings.swift */,
				9BD56FAD27A8ABFE009CA366 /* Listing.swift */,
			);
			path = Models;
			sourceTree = "<group>";
		};
		9BD56F9327A8A330009CA366 /* Routers */ = {
			isa = PBXGroup;
			children = (
			);
			path = Routers;
			sourceTree = "<group>";
		};
		9BD56FBE27A91123009CA366 /* Constants */ = {
			isa = PBXGroup;
			children = (
				9BD56FBF27A9116B009CA366 /* Font+Extention.swift */,
				9BD56FC727A94728009CA366 /* Color+Extention.swift */,
			);
			path = Constants;
			sourceTree = "<group>";
		};
/* End PBXGroup section */

/* Begin PBXNativeTarget section */
		9BD56F6027A8A29E009CA366 /* TradeMe_Latest */ = {
			isa = PBXNativeTarget;
			buildConfigurationList = 9BD56F8527A8A2A4009CA366 /* Build configuration list for PBXNativeTarget "TradeMe_Latest" */;
			buildPhases = (
				9BD56F5D27A8A29E009CA366 /* Sources */,
				9BD56F5E27A8A29E009CA366 /* Frameworks */,
				9BD56F5F27A8A29E009CA366 /* Resources */,
			);
			buildRules = (
			);
			dependencies = (
			);
			name = TradeMe_Latest;
			productName = TradeMe_Latest;
			productReference = 9BD56F6127A8A29E009CA366 /* TradeMe_Latest.app */;
			productType = "com.apple.product-type.application";
		};
		9BD56F7027A8A2A4009CA366 /* TradeMe_LatestTests */ = {
			isa = PBXNativeTarget;
			buildConfigurationList = 9BD56F8827A8A2A4009CA366 /* Build configuration list for PBXNativeTarget "TradeMe_LatestTests" */;
			buildPhases = (
				9BD56F6D27A8A2A4009CA366 /* Sources */,
				9BD56F6E27A8A2A4009CA366 /* Frameworks */,
				9BD56F6F27A8A2A4009CA366 /* Resources */,
			);
			buildRules = (
			);
			dependencies = (
				9BD56F7327A8A2A4009CA366 /* PBXTargetDependency */,
			);
			name = TradeMe_LatestTests;
			productName = TradeMe_LatestTests;
			productReference = 9BD56F7127A8A2A4009CA366 /* TradeMe_LatestTests.xctest */;
			productType = "com.apple.product-type.bundle.unit-test";
		};
		9BD56F7A27A8A2A4009CA366 /* TradeMe_LatestUITests */ = {
			isa = PBXNativeTarget;
			buildConfigurationList = 9BD56F8B27A8A2A4009CA366 /* Build configuration list for PBXNativeTarget "TradeMe_LatestUITests" */;
			buildPhases = (
				9BD56F7727A8A2A4009CA366 /* Sources */,
				9BD56F7827A8A2A4009CA366 /* Frameworks */,
				9BD56F7927A8A2A4009CA366 /* Resources */,
			);
			buildRules = (
			);
			dependencies = (
				9BD56F7D27A8A2A4009CA366 /* PBXTargetDependency */,
			);
			name = TradeMe_LatestUITests;
			productName = TradeMe_LatestUITests;
			productReference = 9BD56F7B27A8A2A4009CA366 /* TradeMe_LatestUITests.xctest */;
			productType = "com.apple.product-type.bundle.ui-testing";
		};
/* End PBXNativeTarget section */

/* Begin PBXProject section */
		9BD56F5927A8A29E009CA366 /* Project object */ = {
			isa = PBXProject;
			attributes = {
				BuildIndependentTargetsInParallel = 1;
				LastSwiftUpdateCheck = 1310;
				LastUpgradeCheck = 1310;
				ORGANIZATIONNAME = "Funky Gadget Limited";
				TargetAttributes = {
					9BD56F6027A8A29E009CA366 = {
						CreatedOnToolsVersion = 13.1;
					};
					9BD56F7027A8A2A4009CA366 = {
						CreatedOnToolsVersion = 13.1;
						TestTargetID = 9BD56F6027A8A29E009CA366;
					};
					9BD56F7A27A8A2A4009CA366 = {
						CreatedOnToolsVersion = 13.1;
						TestTargetID = 9BD56F6027A8A29E009CA366;
					};
				};
			};
			buildConfigurationList = 9BD56F5C27A8A29E009CA366 /* Build configuration list for PBXProject "TradeMe_Latest" */;
			compatibilityVersion = "Xcode 13.0";
			developmentRegion = en;
			hasScannedForEncodings = 0;
			knownRegions = (
				en,
				Base,
			);
			mainGroup = 9BD56F5827A8A29E009CA366;
			productRefGroup = 9BD56F6227A8A29E009CA366 /* Products */;
			projectDirPath = "";
			projectRoot = "";
			targets = (
				9BD56F6027A8A29E009CA366 /* TradeMe_Latest */,
				9BD56F7027A8A2A4009CA366 /* TradeMe_LatestTests */,
				9BD56F7A27A8A2A4009CA366 /* TradeMe_LatestUITests */,
			);
		};
/* End PBXProject section */

/* Begin PBXResourcesBuildPhase section */
		9BD56F5F27A8A29E009CA366 /* Resources */ = {
			isa = PBXResourcesBuildPhase;
			buildActionMask = 2147483647;
			files = (
				9BD56F6C27A8A2A3009CA366 /* Preview Assets.xcassets in Resources */,
				9BD56F6927A8A2A3009CA366 /* Assets.xcassets in Resources */,
			);
			runOnlyForDeploymentPostprocessing = 0;
		};
		9BD56F6F27A8A2A4009CA366 /* Resources */ = {
			isa = PBXResourcesBuildPhase;
			buildActionMask = 2147483647;
			files = (
			);
			runOnlyForDeploymentPostprocessing = 0;
		};
		9BD56F7927A8A2A4009CA366 /* Resources */ = {
			isa = PBXResourcesBuildPhase;
			buildActionMask = 2147483647;
			files = (
			);
			runOnlyForDeploymentPostprocessing = 0;
		};
/* End PBXResourcesBuildPhase section */

/* Begin PBXSourcesBuildPhase section */
		9BD56F5D27A8A29E009CA366 /* Sources */ = {
			isa = PBXSourcesBuildPhase;
			buildActionMask = 2147483647;
			files = (
				9BD56F9E27A8A3D8009CA366 /* Credentials.swift in Sources */,
				9BD56FB127A8AE94009CA366 /* LatestListings.swift in Sources */,
				9BD56FB427A8D5D6009CA366 /* ListingRowView.swift in Sources */,
				9BD56FAE27A8ABFE009CA366 /* Listing.swift in Sources */,
				9BD56F9927A8A3BF009CA366 /* ApiInterface.swift in Sources */,
				9BD56FBD27A9010E009CA366 /* MyTradeMeView.swift in Sources */,
				9BD56F6727A8A29E009CA366 /* ListingsView.swift in Sources */,
				9BD56FC827A94728009CA366 /* Color+Extention.swift in Sources */,
				9BD56FA127A8A418009CA366 /* BaseViewModel.swift in Sources */,
				9BD56F9B27A8A3BF009CA366 /* ApiManager.swift in Sources */,
				9BD56FB727A8EE80009CA366 /* RootView.swift in Sources */,
				9BD56FC227A91772009CA366 /* Endpoint.swift in Sources */,
				9BD56F9727A8A3BF009CA366 /* OAuthHelper.swift in Sources */,
				9BD56FAC27A8A52E009CA366 /* ListingsViewModel.swift in Sources */,
				9BD56F6527A8A29E009CA366 /* TradeMe_LatestApp.swift in Sources */,
				9BD56FC027A9116B009CA366 /* Font+Extention.swift in Sources */,
				9BD56FC527A93BC0009CA366 /* NavigationButtonsView.swift in Sources */,
				9BD56FBB27A900FA009CA366 /* WatchlistView.swift in Sources */,
			);
			runOnlyForDeploymentPostprocessing = 0;
		};
		9BD56F6D27A8A2A4009CA366 /* Sources */ = {
			isa = PBXSourcesBuildPhase;
			buildActionMask = 2147483647;
			files = (
				9BD56F9C27A8A3BF009CA366 /* ApiManager.swift in Sources */,
				9BD56FCF27A9D558009CA366 /* ListingsViewModel.swift in Sources */,
				9BD56FC327A91772009CA366 /* Endpoint.swift in Sources */,
				9BD56FC627A93BC0009CA366 /* NavigationButtonsView.swift in Sources */,
				9BD56FCE27A9D0AC009CA366 /* ListingsViewModelTests.swift in Sources */,
				9BD56FB227A8AE94009CA366 /* LatestListings.swift in Sources */,
				9BD56FAF27A8ABFE009CA366 /* Listing.swift in Sources */,
				9BD56F7627A8A2A4009CA366 /* OAuthHelperTests.swift in Sources */,
				9BD56F9F27A8A3D8009CA366 /* Credentials.swift in Sources */,
				9BD56F9827A8A3BF009CA366 /* OAuthHelper.swift in Sources */,
				9BD56F9A27A8A3BF009CA366 /* ApiInterface.swift in Sources */,
				9BD56FA227A8A419009CA366 /* BaseViewModel.swift in Sources */,
				9BD56FCC27A9CFBA009CA366 /* EndpointTests.swift in Sources */,
			);
			runOnlyForDeploymentPostprocessing = 0;
		};
		9BD56F7727A8A2A4009CA366 /* Sources */ = {
			isa = PBXSourcesBuildPhase;
			buildActionMask = 2147483647;
			files = (
				9BD56F8227A8A2A4009CA366 /* TradeMe_LatestUITestsLaunchTests.swift in Sources */,
				9BD56F8027A8A2A4009CA366 /* TradeMe_LatestUITests.swift in Sources */,
			);
			runOnlyForDeploymentPostprocessing = 0;
		};
/* End PBXSourcesBuildPhase section */

/* Begin PBXTargetDependency section */
		9BD56F7327A8A2A4009CA366 /* PBXTargetDependency */ = {
			isa = PBXTargetDependency;
			target = 9BD56F6027A8A29E009CA366 /* TradeMe_Latest */;
			targetProxy = 9BD56F7227A8A2A4009CA366 /* PBXContainerItemProxy */;
		};
		9BD56F7D27A8A2A4009CA366 /* PBXTargetDependency */ = {
			isa = PBXTargetDependency;
			target = 9BD56F6027A8A29E009CA366 /* TradeMe_Latest */;
			targetProxy = 9BD56F7C27A8A2A4009CA366 /* PBXContainerItemProxy */;
		};
/* End PBXTargetDependency section */

/* Begin XCBuildConfiguration section */
		9BD56F8327A8A2A4009CA366 /* Debug */ = {
			isa = XCBuildConfiguration;
			buildSettings = {
				ALWAYS_SEARCH_USER_PATHS = NO;
				CLANG_ANALYZER_NONNULL = YES;
				CLANG_ANALYZER_NUMBER_OBJECT_CONVERSION = YES_AGGRESSIVE;
				CLANG_CXX_LANGUAGE_STANDARD = "gnu++17";
				CLANG_CXX_LIBRARY = "libc++";
				CLANG_ENABLE_MODULES = YES;
				CLANG_ENABLE_OBJC_ARC = YES;
				CLANG_ENABLE_OBJC_WEAK = YES;
				CLANG_WARN_BLOCK_CAPTURE_AUTORELEASING = YES;
				CLANG_WARN_BOOL_CONVERSION = YES;
				CLANG_WARN_COMMA = YES;
				CLANG_WARN_CONSTANT_CONVERSION = YES;
				CLANG_WARN_DEPRECATED_OBJC_IMPLEMENTATIONS = YES;
				CLANG_WARN_DIRECT_OBJC_ISA_USAGE = YES_ERROR;
				CLANG_WARN_DOCUMENTATION_COMMENTS = YES;
				CLANG_WARN_EMPTY_BODY = YES;
				CLANG_WARN_ENUM_CONVERSION = YES;
				CLANG_WARN_INFINITE_RECURSION = YES;
				CLANG_WARN_INT_CONVERSION = YES;
				CLANG_WARN_NON_LITERAL_NULL_CONVERSION = YES;
				CLANG_WARN_OBJC_IMPLICIT_RETAIN_SELF = YES;
				CLANG_WARN_OBJC_LITERAL_CONVERSION = YES;
				CLANG_WARN_OBJC_ROOT_CLASS = YES_ERROR;
				CLANG_WARN_QUOTED_INCLUDE_IN_FRAMEWORK_HEADER = YES;
				CLANG_WARN_RANGE_LOOP_ANALYSIS = YES;
				CLANG_WARN_STRICT_PROTOTYPES = YES;
				CLANG_WARN_SUSPICIOUS_MOVE = YES;
				CLANG_WARN_UNGUARDED_AVAILABILITY = YES_AGGRESSIVE;
				CLANG_WARN_UNREACHABLE_CODE = YES;
				CLANG_WARN__DUPLICATE_METHOD_MATCH = YES;
				COPY_PHASE_STRIP = NO;
				DEBUG_INFORMATION_FORMAT = dwarf;
				ENABLE_STRICT_OBJC_MSGSEND = YES;
				ENABLE_TESTABILITY = YES;
				GCC_C_LANGUAGE_STANDARD = gnu11;
				GCC_DYNAMIC_NO_PIC = NO;
				GCC_NO_COMMON_BLOCKS = YES;
				GCC_OPTIMIZATION_LEVEL = 0;
				GCC_PREPROCESSOR_DEFINITIONS = (
					"DEBUG=1",
					"$(inherited)",
				);
				GCC_WARN_64_TO_32_BIT_CONVERSION = YES;
				GCC_WARN_ABOUT_RETURN_TYPE = YES_ERROR;
				GCC_WARN_UNDECLARED_SELECTOR = YES;
				GCC_WARN_UNINITIALIZED_AUTOS = YES_AGGRESSIVE;
				GCC_WARN_UNUSED_FUNCTION = YES;
				GCC_WARN_UNUSED_VARIABLE = YES;
				IPHONEOS_DEPLOYMENT_TARGET = 15.0;
				MTL_ENABLE_DEBUG_INFO = INCLUDE_SOURCE;
				MTL_FAST_MATH = YES;
				ONLY_ACTIVE_ARCH = YES;
				SDKROOT = iphoneos;
				SWIFT_ACTIVE_COMPILATION_CONDITIONS = DEBUG;
				SWIFT_OPTIMIZATION_LEVEL = "-Onone";
			};
			name = Debug;
		};
		9BD56F8427A8A2A4009CA366 /* Release */ = {
			isa = XCBuildConfiguration;
			buildSettings = {
				ALWAYS_SEARCH_USER_PATHS = NO;
				CLANG_ANALYZER_NONNULL = YES;
				CLANG_ANALYZER_NUMBER_OBJECT_CONVERSION = YES_AGGRESSIVE;
				CLANG_CXX_LANGUAGE_STANDARD = "gnu++17";
				CLANG_CXX_LIBRARY = "libc++";
				CLANG_ENABLE_MODULES = YES;
				CLANG_ENABLE_OBJC_ARC = YES;
				CLANG_ENABLE_OBJC_WEAK = YES;
				CLANG_WARN_BLOCK_CAPTURE_AUTORELEASING = YES;
				CLANG_WARN_BOOL_CONVERSION = YES;
				CLANG_WARN_COMMA = YES;
				CLANG_WARN_CONSTANT_CONVERSION = YES;
				CLANG_WARN_DEPRECATED_OBJC_IMPLEMENTATIONS = YES;
				CLANG_WARN_DIRECT_OBJC_ISA_USAGE = YES_ERROR;
				CLANG_WARN_DOCUMENTATION_COMMENTS = YES;
				CLANG_WARN_EMPTY_BODY = YES;
				CLANG_WARN_ENUM_CONVERSION = YES;
				CLANG_WARN_INFINITE_RECURSION = YES;
				CLANG_WARN_INT_CONVERSION = YES;
				CLANG_WARN_NON_LITERAL_NULL_CONVERSION = YES;
				CLANG_WARN_OBJC_IMPLICIT_RETAIN_SELF = YES;
				CLANG_WARN_OBJC_LITERAL_CONVERSION = YES;
				CLANG_WARN_OBJC_ROOT_CLASS = YES_ERROR;
				CLANG_WARN_QUOTED_INCLUDE_IN_FRAMEWORK_HEADER = YES;
				CLANG_WARN_RANGE_LOOP_ANALYSIS = YES;
				CLANG_WARN_STRICT_PROTOTYPES = YES;
				CLANG_WARN_SUSPICIOUS_MOVE = YES;
				CLANG_WARN_UNGUARDED_AVAILABILITY = YES_AGGRESSIVE;
				CLANG_WARN_UNREACHABLE_CODE = YES;
				CLANG_WARN__DUPLICATE_METHOD_MATCH = YES;
				COPY_PHASE_STRIP = NO;
				DEBUG_INFORMATION_FORMAT = "dwarf-with-dsym";
				ENABLE_NS_ASSERTIONS = NO;
				ENABLE_STRICT_OBJC_MSGSEND = YES;
				GCC_C_LANGUAGE_STANDARD = gnu11;
				GCC_NO_COMMON_BLOCKS = YES;
				GCC_WARN_64_TO_32_BIT_CONVERSION = YES;
				GCC_WARN_ABOUT_RETURN_TYPE = YES_ERROR;
				GCC_WARN_UNDECLARED_SELECTOR = YES;
				GCC_WARN_UNINITIALIZED_AUTOS = YES_AGGRESSIVE;
				GCC_WARN_UNUSED_FUNCTION = YES;
				GCC_WARN_UNUSED_VARIABLE = YES;
				IPHONEOS_DEPLOYMENT_TARGET = 15.0;
				MTL_ENABLE_DEBUG_INFO = NO;
				MTL_FAST_MATH = YES;
				SDKROOT = iphoneos;
				SWIFT_COMPILATION_MODE = wholemodule;
				SWIFT_OPTIMIZATION_LEVEL = "-O";
				VALIDATE_PRODUCT = YES;
			};
			name = Release;
		};
		9BD56F8627A8A2A4009CA366 /* Debug */ = {
			isa = XCBuildConfiguration;
			buildSettings = {
				ASSETCATALOG_COMPILER_APPICON_NAME = AppIcon;
				ASSETCATALOG_COMPILER_GLOBAL_ACCENT_COLOR_NAME = AccentColor;
				CODE_SIGN_STYLE = Automatic;
				CURRENT_PROJECT_VERSION = 1;
				DEVELOPMENT_ASSET_PATHS = "\"TradeMe_Latest/Preview Content\"";
				DEVELOPMENT_TEAM = 8D6EXSQ3MT;
				ENABLE_PREVIEWS = YES;
				GENERATE_INFOPLIST_FILE = YES;
				INFOPLIST_KEY_UIApplicationSceneManifest_Generation = YES;
				INFOPLIST_KEY_UIApplicationSupportsIndirectInputEvents = YES;
				INFOPLIST_KEY_UILaunchScreen_Generation = YES;
				INFOPLIST_KEY_UISupportedInterfaceOrientations_iPad = "UIInterfaceOrientationPortrait UIInterfaceOrientationPortraitUpsideDown UIInterfaceOrientationLandscapeLeft UIInterfaceOrientationLandscapeRight";
				INFOPLIST_KEY_UISupportedInterfaceOrientations_iPhone = "UIInterfaceOrientationPortrait UIInterfaceOrientationLandscapeLeft UIInterfaceOrientationLandscapeRight";
				LD_RUNPATH_SEARCH_PATHS = (
					"$(inherited)",
					"@executable_path/Frameworks",
				);
				MARKETING_VERSION = 1.0;
				PRODUCT_BUNDLE_IDENTIFIER = "nz.co.funkygadget.TradeMe-Latest";
				PRODUCT_NAME = "$(TARGET_NAME)";
				SWIFT_EMIT_LOC_STRINGS = YES;
				SWIFT_VERSION = 5.0;
				TARGETED_DEVICE_FAMILY = "1,2";
			};
			name = Debug;
		};
		9BD56F8727A8A2A4009CA366 /* Release */ = {
			isa = XCBuildConfiguration;
			buildSettings = {
				ASSETCATALOG_COMPILER_APPICON_NAME = AppIcon;
				ASSETCATALOG_COMPILER_GLOBAL_ACCENT_COLOR_NAME = AccentColor;
				CODE_SIGN_STYLE = Automatic;
				CURRENT_PROJECT_VERSION = 1;
				DEVELOPMENT_ASSET_PATHS = "\"TradeMe_Latest/Preview Content\"";
				DEVELOPMENT_TEAM = 8D6EXSQ3MT;
				ENABLE_PREVIEWS = YES;
				GENERATE_INFOPLIST_FILE = YES;
				INFOPLIST_KEY_UIApplicationSceneManifest_Generation = YES;
				INFOPLIST_KEY_UIApplicationSupportsIndirectInputEvents = YES;
				INFOPLIST_KEY_UILaunchScreen_Generation = YES;
				INFOPLIST_KEY_UISupportedInterfaceOrientations_iPad = "UIInterfaceOrientationPortrait UIInterfaceOrientationPortraitUpsideDown UIInterfaceOrientationLandscapeLeft UIInterfaceOrientationLandscapeRight";
				INFOPLIST_KEY_UISupportedInterfaceOrientations_iPhone = "UIInterfaceOrientationPortrait UIInterfaceOrientationLandscapeLeft UIInterfaceOrientationLandscapeRight";
				LD_RUNPATH_SEARCH_PATHS = (
					"$(inherited)",
					"@executable_path/Frameworks",
				);
				MARKETING_VERSION = 1.0;
				PRODUCT_BUNDLE_IDENTIFIER = "nz.co.funkygadget.TradeMe-Latest";
				PRODUCT_NAME = "$(TARGET_NAME)";
				SWIFT_EMIT_LOC_STRINGS = YES;
				SWIFT_VERSION = 5.0;
				TARGETED_DEVICE_FAMILY = "1,2";
			};
			name = Release;
		};
		9BD56F8927A8A2A4009CA366 /* Debug */ = {
			isa = XCBuildConfiguration;
			buildSettings = {
				ALWAYS_EMBED_SWIFT_STANDARD_LIBRARIES = YES;
				BUNDLE_LOADER = "$(TEST_HOST)";
				CODE_SIGN_STYLE = Automatic;
				CURRENT_PROJECT_VERSION = 1;
				DEVELOPMENT_TEAM = 8D6EXSQ3MT;
				GENERATE_INFOPLIST_FILE = YES;
				IPHONEOS_DEPLOYMENT_TARGET = 15.0;
				LD_RUNPATH_SEARCH_PATHS = (
					"$(inherited)",
					"@executable_path/Frameworks",
					"@loader_path/Frameworks",
				);
				MARKETING_VERSION = 1.0;
				PRODUCT_BUNDLE_IDENTIFIER = "nz.co.funkygadget.TradeMe-LatestTests";
				PRODUCT_NAME = "$(TARGET_NAME)";
				SWIFT_EMIT_LOC_STRINGS = NO;
				SWIFT_VERSION = 5.0;
				TARGETED_DEVICE_FAMILY = "1,2";
				TEST_HOST = "$(BUILT_PRODUCTS_DIR)/TradeMe_Latest.app/TradeMe_Latest";
			};
			name = Debug;
		};
		9BD56F8A27A8A2A4009CA366 /* Release */ = {
			isa = XCBuildConfiguration;
			buildSettings = {
				ALWAYS_EMBED_SWIFT_STANDARD_LIBRARIES = YES;
				BUNDLE_LOADER = "$(TEST_HOST)";
				CODE_SIGN_STYLE = Automatic;
				CURRENT_PROJECT_VERSION = 1;
				DEVELOPMENT_TEAM = 8D6EXSQ3MT;
				GENERATE_INFOPLIST_FILE = YES;
				IPHONEOS_DEPLOYMENT_TARGET = 15.0;
				LD_RUNPATH_SEARCH_PATHS = (
					"$(inherited)",
					"@executable_path/Frameworks",
					"@loader_path/Frameworks",
				);
				MARKETING_VERSION = 1.0;
				PRODUCT_BUNDLE_IDENTIFIER = "nz.co.funkygadget.TradeMe-LatestTests";
				PRODUCT_NAME = "$(TARGET_NAME)";
				SWIFT_EMIT_LOC_STRINGS = NO;
				SWIFT_VERSION = 5.0;
				TARGETED_DEVICE_FAMILY = "1,2";
				TEST_HOST = "$(BUILT_PRODUCTS_DIR)/TradeMe_Latest.app/TradeMe_Latest";
			};
			name = Release;
		};
		9BD56F8C27A8A2A4009CA366 /* Debug */ = {
			isa = XCBuildConfiguration;
			buildSettings = {
				ALWAYS_EMBED_SWIFT_STANDARD_LIBRARIES = YES;
				CODE_SIGN_STYLE = Automatic;
				CURRENT_PROJECT_VERSION = 1;
				DEVELOPMENT_TEAM = 8D6EXSQ3MT;
				GENERATE_INFOPLIST_FILE = YES;
				LD_RUNPATH_SEARCH_PATHS = (
					"$(inherited)",
					"@executable_path/Frameworks",
					"@loader_path/Frameworks",
				);
				MARKETING_VERSION = 1.0;
				PRODUCT_BUNDLE_IDENTIFIER = "nz.co.funkygadget.TradeMe-LatestUITests";
				PRODUCT_NAME = "$(TARGET_NAME)";
				SWIFT_EMIT_LOC_STRINGS = NO;
				SWIFT_VERSION = 5.0;
				TARGETED_DEVICE_FAMILY = "1,2";
				TEST_TARGET_NAME = TradeMe_Latest;
			};
			name = Debug;
		};
		9BD56F8D27A8A2A4009CA366 /* Release */ = {
			isa = XCBuildConfiguration;
			buildSettings = {
				ALWAYS_EMBED_SWIFT_STANDARD_LIBRARIES = YES;
				CODE_SIGN_STYLE = Automatic;
				CURRENT_PROJECT_VERSION = 1;
				DEVELOPMENT_TEAM = 8D6EXSQ3MT;
				GENERATE_INFOPLIST_FILE = YES;
				LD_RUNPATH_SEARCH_PATHS = (
					"$(inherited)",
					"@executable_path/Frameworks",
					"@loader_path/Frameworks",
				);
				MARKETING_VERSION = 1.0;
				PRODUCT_BUNDLE_IDENTIFIER = "nz.co.funkygadget.TradeMe-LatestUITests";
				PRODUCT_NAME = "$(TARGET_NAME)";
				SWIFT_EMIT_LOC_STRINGS = NO;
				SWIFT_VERSION = 5.0;
				TARGETED_DEVICE_FAMILY = "1,2";
				TEST_TARGET_NAME = TradeMe_Latest;
			};
			name = Release;
		};
/* End XCBuildConfiguration section */

/* Begin XCConfigurationList section */
		9BD56F5C27A8A29E009CA366 /* Build configuration list for PBXProject "TradeMe_Latest" */ = {
			isa = XCConfigurationList;
			buildConfigurations = (
				9BD56F8327A8A2A4009CA366 /* Debug */,
				9BD56F8427A8A2A4009CA366 /* Release */,
			);
			defaultConfigurationIsVisible = 0;
			defaultConfigurationName = Release;
		};
		9BD56F8527A8A2A4009CA366 /* Build configuration list for PBXNativeTarget "TradeMe_Latest" */ = {
			isa = XCConfigurationList;
			buildConfigurations = (
				9BD56F8627A8A2A4009CA366 /* Debug */,
				9BD56F8727A8A2A4009CA366 /* Release */,
			);
			defaultConfigurationIsVisible = 0;
			defaultConfigurationName = Release;
		};
		9BD56F8827A8A2A4009CA366 /* Build configuration list for PBXNativeTarget "TradeMe_LatestTests" */ = {
			isa = XCConfigurationList;
			buildConfigurations = (
				9BD56F8927A8A2A4009CA366 /* Debug */,
				9BD56F8A27A8A2A4009CA366 /* Release */,
			);
			defaultConfigurationIsVisible = 0;
			defaultConfigurationName = Release;
		};
		9BD56F8B27A8A2A4009CA366 /* Build configuration list for PBXNativeTarget "TradeMe_LatestUITests" */ = {
			isa = XCConfigurationList;
			buildConfigurations = (
				9BD56F8C27A8A2A4009CA366 /* Debug */,
				9BD56F8D27A8A2A4009CA366 /* Release */,
			);
			defaultConfigurationIsVisible = 0;
			defaultConfigurationName = Release;
		};
/* End XCConfigurationList section */
	};
	rootObject = 9BD56F5927A8A29E009CA366 /* Project object */;
}
